// !$*UTF8*$!
{
	archiveVersion = 1;
	classes = {
	};
	objectVersion = 46;
	objects = {

/* Begin PBXBuildFile section */
		DE29B9931A885BF300A2DC2E /* main.m in Sources */ = {isa = PBXBuildFile; fileRef = DE29B9921A885BF300A2DC2E /* main.m */; };
		DE29B9961A885BF300A2DC2E /* AppDelegate.m in Sources */ = {isa = PBXBuildFile; fileRef = DE29B9951A885BF300A2DC2E /* AppDelegate.m */; };
		DE29B99F1A885BF300A2DC2E /* Main.storyboard in Resources */ = {isa = PBXBuildFile; fileRef = DE29B99D1A885BF300A2DC2E /* Main.storyboard */; };
		DE29B9A11A885BF300A2DC2E /* Images.xcassets in Resources */ = {isa = PBXBuildFile; fileRef = DE29B9A01A885BF300A2DC2E /* Images.xcassets */; };
		DE29B9A41A885BF300A2DC2E /* LaunchScreen.xib in Resources */ = {isa = PBXBuildFile; fileRef = DE29B9A21A885BF300A2DC2E /* LaunchScreen.xib */; };
		DE29B9B01A885BF300A2DC2E /* asgTests.m in Sources */ = {isa = PBXBuildFile; fileRef = DE29B9AF1A885BF300A2DC2E /* asgTests.m */; };
		DEC27E7D1A95C80F00EFEF6F /* Parse.framework in Frameworks */ = {isa = PBXBuildFile; fileRef = DEC27E7B1A95C80E00EFEF6F /* Parse.framework */; };
		DEC27E7F1A95C82E00EFEF6F /* AudioToolbox.framework in Frameworks */ = {isa = PBXBuildFile; fileRef = DEC27E7E1A95C82E00EFEF6F /* AudioToolbox.framework */; };
		DEC27E811A95C83300EFEF6F /* CFNetwork.framework in Frameworks */ = {isa = PBXBuildFile; fileRef = DEC27E801A95C83300EFEF6F /* CFNetwork.framework */; };
		DEC27E831A95C83900EFEF6F /* CoreGraphics.framework in Frameworks */ = {isa = PBXBuildFile; fileRef = DEC27E821A95C83900EFEF6F /* CoreGraphics.framework */; };
		DEC27E851A95C84100EFEF6F /* CoreLocation.framework in Frameworks */ = {isa = PBXBuildFile; fileRef = DEC27E841A95C84100EFEF6F /* CoreLocation.framework */; };
		DEC27E871A95C84700EFEF6F /* MobileCoreServices.framework in Frameworks */ = {isa = PBXBuildFile; fileRef = DEC27E861A95C84700EFEF6F /* MobileCoreServices.framework */; };
		DEC27E891A95C84C00EFEF6F /* QuartzCore.framework in Frameworks */ = {isa = PBXBuildFile; fileRef = DEC27E881A95C84C00EFEF6F /* QuartzCore.framework */; };
		DEC27E8B1A95C85100EFEF6F /* Security.framework in Frameworks */ = {isa = PBXBuildFile; fileRef = DEC27E8A1A95C85100EFEF6F /* Security.framework */; };
		DEC27E8D1A95C85900EFEF6F /* StoreKit.framework in Frameworks */ = {isa = PBXBuildFile; fileRef = DEC27E8C1A95C85900EFEF6F /* StoreKit.framework */; };
		DEC27E8F1A95C86300EFEF6F /* SystemConfiguration.framework in Frameworks */ = {isa = PBXBuildFile; fileRef = DEC27E8E1A95C86300EFEF6F /* SystemConfiguration.framework */; };
		DEC27E911A95C86A00EFEF6F /* libz.dylib in Frameworks */ = {isa = PBXBuildFile; fileRef = DEC27E901A95C86A00EFEF6F /* libz.dylib */; };
		DEC27E931A95C87300EFEF6F /* libsqlite3.dylib in Frameworks */ = {isa = PBXBuildFile; fileRef = DEC27E921A95C87300EFEF6F /* libsqlite3.dylib */; };
		DEC27E951A95C93400EFEF6F /* Bolts.framework in Frameworks */ = {isa = PBXBuildFile; fileRef = DEC27E941A95C93400EFEF6F /* Bolts.framework */; };
/* End PBXBuildFile section */

/* Begin PBXContainerItemProxy section */
		DE29B9AA1A885BF300A2DC2E /* PBXContainerItemProxy */ = {
			isa = PBXContainerItemProxy;
			containerPortal = DE29B9851A885BF200A2DC2E /* Project object */;
			proxyType = 1;
			remoteGlobalIDString = DE29B98C1A885BF200A2DC2E;
			remoteInfo = asg;
		};
/* End PBXContainerItemProxy section */

/* Begin PBXFileReference section */
		DE29B98D1A885BF200A2DC2E /* asg.app */ = {isa = PBXFileReference; explicitFileType = wrapper.application; includeInIndex = 0; path = asg.app; sourceTree = BUILT_PRODUCTS_DIR; };
		DE29B9911A885BF300A2DC2E /* Info.plist */ = {isa = PBXFileReference; lastKnownFileType = text.plist.xml; path = Info.plist; sourceTree = "<group>"; };
		DE29B9921A885BF300A2DC2E /* main.m */ = {isa = PBXFileReference; lastKnownFileType = sourcecode.c.objc; path = main.m; sourceTree = "<group>"; };
		DE29B9941A885BF300A2DC2E /* AppDelegate.h */ = {isa = PBXFileReference; lastKnownFileType = sourcecode.c.h; path = AppDelegate.h; sourceTree = "<group>"; };
		DE29B9951A885BF300A2DC2E /* AppDelegate.m */ = {isa = PBXFileReference; lastKnownFileType = sourcecode.c.objc; path = AppDelegate.m; sourceTree = "<group>"; };
		DE29B99E1A885BF300A2DC2E /* Base */ = {isa = PBXFileReference; lastKnownFileType = file.storyboard; name = Base; path = Base.lproj/Main.storyboard; sourceTree = "<group>"; };
		DE29B9A01A885BF300A2DC2E /* Images.xcassets */ = {isa = PBXFileReference; lastKnownFileType = folder.assetcatalog; path = Images.xcassets; sourceTree = "<group>"; };
		DE29B9A31A885BF300A2DC2E /* Base */ = {isa = PBXFileReference; lastKnownFileType = file.xib; name = Base; path = Base.lproj/LaunchScreen.xib; sourceTree = "<group>"; };
		DE29B9A91A885BF300A2DC2E /* asgTests.xctest */ = {isa = PBXFileReference; explicitFileType = wrapper.cfbundle; includeInIndex = 0; path = asgTests.xctest; sourceTree = BUILT_PRODUCTS_DIR; };
		DE29B9AE1A885BF300A2DC2E /* Info.plist */ = {isa = PBXFileReference; lastKnownFileType = text.plist.xml; path = Info.plist; sourceTree = "<group>"; };
		DE29B9AF1A885BF300A2DC2E /* asgTests.m */ = {isa = PBXFileReference; lastKnownFileType = sourcecode.c.objc; path = asgTests.m; sourceTree = "<group>"; };
		DEC27E7B1A95C80E00EFEF6F /* Parse.framework */ = {isa = PBXFileReference; lastKnownFileType = wrapper.framework; path = Parse.framework; sourceTree = "<group>"; };
		DEC27E7E1A95C82E00EFEF6F /* AudioToolbox.framework */ = {isa = PBXFileReference; lastKnownFileType = wrapper.framework; name = AudioToolbox.framework; path = System/Library/Frameworks/AudioToolbox.framework; sourceTree = SDKROOT; };
		DEC27E801A95C83300EFEF6F /* CFNetwork.framework */ = {isa = PBXFileReference; lastKnownFileType = wrapper.framework; name = CFNetwork.framework; path = System/Library/Frameworks/CFNetwork.framework; sourceTree = SDKROOT; };
		DEC27E821A95C83900EFEF6F /* CoreGraphics.framework */ = {isa = PBXFileReference; lastKnownFileType = wrapper.framework; name = CoreGraphics.framework; path = System/Library/Frameworks/CoreGraphics.framework; sourceTree = SDKROOT; };
		DEC27E841A95C84100EFEF6F /* CoreLocation.framework */ = {isa = PBXFileReference; lastKnownFileType = wrapper.framework; name = CoreLocation.framework; path = System/Library/Frameworks/CoreLocation.framework; sourceTree = SDKROOT; };
		DEC27E861A95C84700EFEF6F /* MobileCoreServices.framework */ = {isa = PBXFileReference; lastKnownFileType = wrapper.framework; name = MobileCoreServices.framework; path = System/Library/Frameworks/MobileCoreServices.framework; sourceTree = SDKROOT; };
		DEC27E881A95C84C00EFEF6F /* QuartzCore.framework */ = {isa = PBXFileReference; lastKnownFileType = wrapper.framework; name = QuartzCore.framework; path = System/Library/Frameworks/QuartzCore.framework; sourceTree = SDKROOT; };
		DEC27E8A1A95C85100EFEF6F /* Security.framework */ = {isa = PBXFileReference; lastKnownFileType = wrapper.framework; name = Security.framework; path = System/Library/Frameworks/Security.framework; sourceTree = SDKROOT; };
		DEC27E8C1A95C85900EFEF6F /* StoreKit.framework */ = {isa = PBXFileReference; lastKnownFileType = wrapper.framework; name = StoreKit.framework; path = System/Library/Frameworks/StoreKit.framework; sourceTree = SDKROOT; };
		DEC27E8E1A95C86300EFEF6F /* SystemConfiguration.framework */ = {isa = PBXFileReference; lastKnownFileType = wrapper.framework; name = SystemConfiguration.framework; path = System/Library/Frameworks/SystemConfiguration.framework; sourceTree = SDKROOT; };
		DEC27E901A95C86A00EFEF6F /* libz.dylib */ = {isa = PBXFileReference; lastKnownFileType = "compiled.mach-o.dylib"; name = libz.dylib; path = usr/lib/libz.dylib; sourceTree = SDKROOT; };
		DEC27E921A95C87300EFEF6F /* libsqlite3.dylib */ = {isa = PBXFileReference; lastKnownFileType = "compiled.mach-o.dylib"; name = libsqlite3.dylib; path = usr/lib/libsqlite3.dylib; sourceTree = SDKROOT; };
		DEC27E941A95C93400EFEF6F /* Bolts.framework */ = {isa = PBXFileReference; lastKnownFileType = wrapper.framework; name = Bolts.framework; path = ../../../Downloads/Parse/Bolts.framework; sourceTree = "<group>"; };
/* End PBXFileReference section */

/* Begin PBXFrameworksBuildPhase section */
		DE29B98A1A885BF200A2DC2E /* Frameworks */ = {
			isa = PBXFrameworksBuildPhase;
			buildActionMask = 2147483647;
			files = (
				DEC27E951A95C93400EFEF6F /* Bolts.framework in Frameworks */,
				DEC27E931A95C87300EFEF6F /* libsqlite3.dylib in Frameworks */,
				DEC27E911A95C86A00EFEF6F /* libz.dylib in Frameworks */,
				DEC27E8F1A95C86300EFEF6F /* SystemConfiguration.framework in Frameworks */,
				DEC27E8D1A95C85900EFEF6F /* StoreKit.framework in Frameworks */,
				DEC27E8B1A95C85100EFEF6F /* Security.framework in Frameworks */,
				DEC27E891A95C84C00EFEF6F /* QuartzCore.framework in Frameworks */,
				DEC27E871A95C84700EFEF6F /* MobileCoreServices.framework in Frameworks */,
				DEC27E851A95C84100EFEF6F /* CoreLocation.framework in Frameworks */,
				DEC27E831A95C83900EFEF6F /* CoreGraphics.framework in Frameworks */,
				DEC27E811A95C83300EFEF6F /* CFNetwork.framework in Frameworks */,
				DEC27E7F1A95C82E00EFEF6F /* AudioToolbox.framework in Frameworks */,
				DEC27E7D1A95C80F00EFEF6F /* Parse.framework in Frameworks */,
			);
			runOnlyForDeploymentPostprocessing = 0;
		};
		DE29B9A61A885BF300A2DC2E /* Frameworks */ = {
			isa = PBXFrameworksBuildPhase;
			buildActionMask = 2147483647;
			files = (
			);
			runOnlyForDeploymentPostprocessing = 0;
		};
/* End PBXFrameworksBuildPhase section */

/* Begin PBXGroup section */
		DE29B9841A885BF200A2DC2E = {
			isa = PBXGroup;
			children = (
				DE29B98F1A885BF200A2DC2E /* asg */,
				DE29B9AC1A885BF300A2DC2E /* asgTests */,
				DE89C7921A9387B100B1AB26 /* Frameworks */,
				DE29B98E1A885BF200A2DC2E /* Products */,
			);
			sourceTree = "<group>";
		};
		DE29B98E1A885BF200A2DC2E /* Products */ = {
			isa = PBXGroup;
			children = (
				DE29B98D1A885BF200A2DC2E /* asg.app */,
				DE29B9A91A885BF300A2DC2E /* asgTests.xctest */,
			);
			name = Products;
			sourceTree = "<group>";
		};
		DE29B98F1A885BF200A2DC2E /* asg */ = {
			isa = PBXGroup;
			children = (
				DE29B9941A885BF300A2DC2E /* AppDelegate.h */,
				DE29B9951A885BF300A2DC2E /* AppDelegate.m */,
				DE29B99D1A885BF300A2DC2E /* Main.storyboard */,
				DE29B9A01A885BF300A2DC2E /* Images.xcassets */,
				DE29B9A21A885BF300A2DC2E /* LaunchScreen.xib */,
				DE29B9901A885BF300A2DC2E /* Supporting Files */,
			);
			path = asg;
			sourceTree = "<group>";
		};
		DE29B9901A885BF300A2DC2E /* Supporting Files */ = {
			isa = PBXGroup;
			children = (
				DE29B9911A885BF300A2DC2E /* Info.plist */,
				DE29B9921A885BF300A2DC2E /* main.m */,
			);
			name = "Supporting Files";
			sourceTree = "<group>";
		};
		DE29B9AC1A885BF300A2DC2E /* asgTests */ = {
			isa = PBXGroup;
			children = (
				DE29B9AF1A885BF300A2DC2E /* asgTests.m */,
				DE29B9AD1A885BF300A2DC2E /* Supporting Files */,
			);
			path = asgTests;
			sourceTree = "<group>";
		};
		DE29B9AD1A885BF300A2DC2E /* Supporting Files */ = {
			isa = PBXGroup;
			children = (
				DE29B9AE1A885BF300A2DC2E /* Info.plist */,
			);
			name = "Supporting Files";
			sourceTree = "<group>";
		};
		DE89C7921A9387B100B1AB26 /* Frameworks */ = {
			isa = PBXGroup;
			children = (
				DEC27E941A95C93400EFEF6F /* Bolts.framework */,
				DEC27E921A95C87300EFEF6F /* libsqlite3.dylib */,
				DEC27E901A95C86A00EFEF6F /* libz.dylib */,
				DEC27E8E1A95C86300EFEF6F /* SystemConfiguration.framework */,
				DEC27E8C1A95C85900EFEF6F /* StoreKit.framework */,
				DEC27E8A1A95C85100EFEF6F /* Security.framework */,
				DEC27E881A95C84C00EFEF6F /* QuartzCore.framework */,
				DEC27E861A95C84700EFEF6F /* MobileCoreServices.framework */,
				DEC27E841A95C84100EFEF6F /* CoreLocation.framework */,
				DEC27E821A95C83900EFEF6F /* CoreGraphics.framework */,
				DEC27E801A95C83300EFEF6F /* CFNetwork.framework */,
				DEC27E7E1A95C82E00EFEF6F /* AudioToolbox.framework */,
				DEC27E7B1A95C80E00EFEF6F /* Parse.framework */,
				DE89C7AA1A938D0D00B1AB26 /* System Frameworks */,
			);
			name = Frameworks;
			sourceTree = "<group>";
		};
		DE89C7AA1A938D0D00B1AB26 /* System Frameworks */ = {
			isa = PBXGroup;
			children = (
			);
			name = "System Frameworks";
			sourceTree = "<group>";
		};
/* End PBXGroup section */

/* Begin PBXNativeTarget section */
		DE29B98C1A885BF200A2DC2E /* asg */ = {
			isa = PBXNativeTarget;
			buildConfigurationList = DE29B9B31A885BF300A2DC2E /* Build configuration list for PBXNativeTarget "asg" */;
			buildPhases = (
				DE29B9891A885BF200A2DC2E /* Sources */,
				DE29B98A1A885BF200A2DC2E /* Frameworks */,
				DE29B98B1A885BF200A2DC2E /* Resources */,
			);
			buildRules = (
			);
			dependencies = (
			);
			name = asg;
			productName = asg;
			productReference = DE29B98D1A885BF200A2DC2E /* asg.app */;
			productType = "com.apple.product-type.application";
		};
		DE29B9A81A885BF300A2DC2E /* asgTests */ = {
			isa = PBXNativeTarget;
			buildConfigurationList = DE29B9B61A885BF300A2DC2E /* Build configuration list for PBXNativeTarget "asgTests" */;
			buildPhases = (
				DE29B9A51A885BF300A2DC2E /* Sources */,
				DE29B9A61A885BF300A2DC2E /* Frameworks */,
				DE29B9A71A885BF300A2DC2E /* Resources */,
			);
			buildRules = (
			);
			dependencies = (
				DE29B9AB1A885BF300A2DC2E /* PBXTargetDependency */,
			);
			name = asgTests;
			productName = asgTests;
			productReference = DE29B9A91A885BF300A2DC2E /* asgTests.xctest */;
			productType = "com.apple.product-type.bundle.unit-test";
		};
/* End PBXNativeTarget section */

/* Begin PBXProject section */
		DE29B9851A885BF200A2DC2E /* Project object */ = {
			isa = PBXProject;
			attributes = {
				LastUpgradeCheck = 0610;
				ORGANIZATIONNAME = appfibre;
				TargetAttributes = {
					DE29B98C1A885BF200A2DC2E = {
						CreatedOnToolsVersion = 6.1;
					};
					DE29B9A81A885BF300A2DC2E = {
						CreatedOnToolsVersion = 6.1;
						TestTargetID = DE29B98C1A885BF200A2DC2E;
					};
				};
			};
			buildConfigurationList = DE29B9881A885BF200A2DC2E /* Build configuration list for PBXProject "asg" */;
			compatibilityVersion = "Xcode 3.2";
			developmentRegion = English;
			hasScannedForEncodings = 0;
			knownRegions = (
				en,
				Base,
			);
			mainGroup = DE29B9841A885BF200A2DC2E;
			productRefGroup = DE29B98E1A885BF200A2DC2E /* Products */;
			projectDirPath = "";
			projectRoot = "";
			targets = (
				DE29B98C1A885BF200A2DC2E /* asg */,
				DE29B9A81A885BF300A2DC2E /* asgTests */,
			);
		};
/* End PBXProject section */

/* Begin PBXResourcesBuildPhase section */
		DE29B98B1A885BF200A2DC2E /* Resources */ = {
			isa = PBXResourcesBuildPhase;
			buildActionMask = 2147483647;
			files = (
				DE29B99F1A885BF300A2DC2E /* Main.storyboard in Resources */,
				DE29B9A41A885BF300A2DC2E /* LaunchScreen.xib in Resources */,
				DE29B9A11A885BF300A2DC2E /* Images.xcassets in Resources */,
			);
			runOnlyForDeploymentPostprocessing = 0;
		};
		DE29B9A71A885BF300A2DC2E /* Resources */ = {
			isa = PBXResourcesBuildPhase;
			buildActionMask = 2147483647;
			files = (
			);
			runOnlyForDeploymentPostprocessing = 0;
		};
/* End PBXResourcesBuildPhase section */

/* Begin PBXSourcesBuildPhase section */
		DE29B9891A885BF200A2DC2E /* Sources */ = {
			isa = PBXSourcesBuildPhase;
			buildActionMask = 2147483647;
			files = (
				DE29B9961A885BF300A2DC2E /* AppDelegate.m in Sources */,
				DE29B9931A885BF300A2DC2E /* main.m in Sources */,
			);
			runOnlyForDeploymentPostprocessing = 0;
		};
		DE29B9A51A885BF300A2DC2E /* Sources */ = {
			isa = PBXSourcesBuildPhase;
			buildActionMask = 2147483647;
			files = (
				DE29B9B01A885BF300A2DC2E /* asgTests.m in Sources */,
			);
			runOnlyForDeploymentPostprocessing = 0;
		};
/* End PBXSourcesBuildPhase section */

/* Begin PBXTargetDependency section */
		DE29B9AB1A885BF300A2DC2E /* PBXTargetDependency */ = {
			isa = PBXTargetDependency;
			target = DE29B98C1A885BF200A2DC2E /* asg */;
			targetProxy = DE29B9AA1A885BF300A2DC2E /* PBXContainerItemProxy */;
		};
/* End PBXTargetDependency section */

/* Begin PBXVariantGroup section */
		DE29B99D1A885BF300A2DC2E /* Main.storyboard */ = {
			isa = PBXVariantGroup;
			children = (
				DE29B99E1A885BF300A2DC2E /* Base */,
			);
			name = Main.storyboard;
			sourceTree = "<group>";
		};
		DE29B9A21A885BF300A2DC2E /* LaunchScreen.xib */ = {
			isa = PBXVariantGroup;
			children = (
				DE29B9A31A885BF300A2DC2E /* Base */,
			);
			name = LaunchScreen.xib;
			sourceTree = "<group>";
		};
/* End PBXVariantGroup section */

/* Begin XCBuildConfiguration section */
		DE29B9B11A885BF300A2DC2E /* Debug */ = {
			isa = XCBuildConfiguration;
			buildSettings = {
				ALWAYS_SEARCH_USER_PATHS = NO;
				CLANG_CXX_LANGUAGE_STANDARD = "gnu++0x";
				CLANG_CXX_LIBRARY = "libc++";
				CLANG_ENABLE_MODULES = YES;
				CLANG_ENABLE_OBJC_ARC = YES;
				CLANG_WARN_BOOL_CONVERSION = YES;
				CLANG_WARN_CONSTANT_CONVERSION = YES;
				CLANG_WARN_DIRECT_OBJC_ISA_USAGE = YES_ERROR;
				CLANG_WARN_EMPTY_BODY = YES;
				CLANG_WARN_ENUM_CONVERSION = YES;
				CLANG_WARN_INT_CONVERSION = YES;
				CLANG_WARN_OBJC_ROOT_CLASS = YES_ERROR;
				CLANG_WARN_UNREACHABLE_CODE = YES;
				CLANG_WARN__DUPLICATE_METHOD_MATCH = YES;
				"CODE_SIGN_IDENTITY[sdk=iphoneos*]" = "iPhone Developer";
				COPY_PHASE_STRIP = NO;
				ENABLE_STRICT_OBJC_MSGSEND = YES;
				GCC_C_LANGUAGE_STANDARD = gnu99;
				GCC_DYNAMIC_NO_PIC = NO;
				GCC_OPTIMIZATION_LEVEL = 0;
				GCC_PREPROCESSOR_DEFINITIONS = (
					"DEBUG=1",
					"$(inherited)",
				);
				GCC_SYMBOLS_PRIVATE_EXTERN = NO;
				GCC_WARN_64_TO_32_BIT_CONVERSION = YES;
				GCC_WARN_ABOUT_RETURN_TYPE = YES_ERROR;
				GCC_WARN_UNDECLARED_SELECTOR = YES;
				GCC_WARN_UNINITIALIZED_AUTOS = YES_AGGRESSIVE;
				GCC_WARN_UNUSED_FUNCTION = YES;
				GCC_WARN_UNUSED_VARIABLE = YES;
				IPHONEOS_DEPLOYMENT_TARGET = 8.1;
				MTL_ENABLE_DEBUG_INFO = YES;
				ONLY_ACTIVE_ARCH = YES;
				OTHER_LDFLAGS = "";
				SDKROOT = iphoneos;
			};
			name = Debug;
		};
		DE29B9B21A885BF300A2DC2E /* Release */ = {
			isa = XCBuildConfiguration;
			buildSettings = {
				ALWAYS_SEARCH_USER_PATHS = NO;
				CLANG_CXX_LANGUAGE_STANDARD = "gnu++0x";
				CLANG_CXX_LIBRARY = "libc++";
				CLANG_ENABLE_MODULES = YES;
				CLANG_ENABLE_OBJC_ARC = YES;
				CLANG_WARN_BOOL_CONVERSION = YES;
				CLANG_WARN_CONSTANT_CONVERSION = YES;
				CLANG_WARN_DIRECT_OBJC_ISA_USAGE = YES_ERROR;
				CLANG_WARN_EMPTY_BODY = YES;
				CLANG_WARN_ENUM_CONVERSION = YES;
				CLANG_WARN_INT_CONVERSION = YES;
				CLANG_WARN_OBJC_ROOT_CLASS = YES_ERROR;
				CLANG_WARN_UNREACHABLE_CODE = YES;
				CLANG_WARN__DUPLICATE_METHOD_MATCH = YES;
				"CODE_SIGN_IDENTITY[sdk=iphoneos*]" = "iPhone Developer";
				COPY_PHASE_STRIP = YES;
				ENABLE_NS_ASSERTIONS = NO;
				ENABLE_STRICT_OBJC_MSGSEND = YES;
				GCC_C_LANGUAGE_STANDARD = gnu99;
				GCC_WARN_64_TO_32_BIT_CONVERSION = YES;
				GCC_WARN_ABOUT_RETURN_TYPE = YES_ERROR;
				GCC_WARN_UNDECLARED_SELECTOR = YES;
				GCC_WARN_UNINITIALIZED_AUTOS = YES_AGGRESSIVE;
				GCC_WARN_UNUSED_FUNCTION = YES;
				GCC_WARN_UNUSED_VARIABLE = YES;
				IPHONEOS_DEPLOYMENT_TARGET = 8.1;
				MTL_ENABLE_DEBUG_INFO = NO;
				OTHER_LDFLAGS = "";
				SDKROOT = iphoneos;
				VALIDATE_PRODUCT = YES;
			};
			name = Release;
		};
		DE29B9B41A885BF300A2DC2E /* Debug */ = {
			isa = XCBuildConfiguration;
			buildSettings = {
				ASSETCATALOG_COMPILER_APPICON_NAME = AppIcon;
				FRAMEWORK_SEARCH_PATHS = (
					"$(inherited)",
					"$(PROJECT_DIR)",
					/Users/rjpena/Downloads/Parse,
				);
				INFOPLIST_FILE = asg/Info.plist;
				LD_RUNPATH_SEARCH_PATHS = "$(inherited) @executable_path/Frameworks";
				LIBRARY_SEARCH_PATHS = (
					"$(inherited)",
					"$(PROJECT_DIR)",
				);
				OTHER_LDFLAGS = "";
				PRODUCT_NAME = "$(TARGET_NAME)";
			};
			name = Debug;
		};
		DE29B9B51A885BF300A2DC2E /* Release */ = {
			isa = XCBuildConfiguration;
			buildSettings = {
				ASSETCATALOG_COMPILER_APPICON_NAME = AppIcon;
				FRAMEWORK_SEARCH_PATHS = (
					"$(inherited)",
					"$(PROJECT_DIR)",
					/Users/rjpena/Downloads/Parse,
				);
				INFOPLIST_FILE = asg/Info.plist;
				LD_RUNPATH_SEARCH_PATHS = "$(inherited) @executable_path/Frameworks";
				LIBRARY_SEARCH_PATHS = (
					"$(inherited)",
					"$(PROJECT_DIR)",
				);
				OTHER_LDFLAGS = "";
				PRODUCT_NAME = "$(TARGET_NAME)";
			};
			name = Release;
		};
		DE29B9B71A885BF300A2DC2E /* Debug */ = {
			isa = XCBuildConfiguration;
			buildSettings = {
				BUNDLE_LOADER = "$(TEST_HOST)";
				FRAMEWORK_SEARCH_PATHS = (
					"$(SDKROOT)/Developer/Library/Frameworks",
					"$(inherited)",
				);
				GCC_PREPROCESSOR_DEFINITIONS = (
					"DEBUG=1",
					"$(inherited)",
				);
				INFOPLIST_FILE = asgTests/Info.plist;
				LD_RUNPATH_SEARCH_PATHS = "$(inherited) @executable_path/Frameworks @loader_path/Frameworks";
				PRODUCT_NAME = "$(TARGET_NAME)";
				TEST_HOST = "$(BUILT_PRODUCTS_DIR)/asg.app/asg";
			};
			name = Debug;
		};
		DE29B9B81A885BF300A2DC2E /* Release */ = {
			isa = XCBuildConfiguration;
			buildSettings = {
				BUNDLE_LOADER = "$(TEST_HOST)";
				FRAMEWORK_SEARCH_PATHS = (
					"$(SDKROOT)/Developer/Library/Frameworks",
					"$(inherited)",
				);
				INFOPLIST_FILE = asgTests/Info.plist;
				LD_RUNPATH_SEARCH_PATHS = "$(inherited) @executable_path/Frameworks @loader_path/Frameworks";
				PRODUCT_NAME = "$(TARGET_NAME)";
				TEST_HOST = "$(BUILT_PRODUCTS_DIR)/asg.app/asg";
			};
			name = Release;
		};
/* End XCBuildConfiguration section */

/* Begin XCConfigurationList section */
		DE29B9881A885BF200A2DC2E /* Build configuration list for PBXProject "asg" */ = {
			isa = XCConfigurationList;
			buildConfigurations = (
				DE29B9B11A885BF300A2DC2E /* Debug */,
				DE29B9B21A885BF300A2DC2E /* Release */,
			);
			defaultConfigurationIsVisible = 0;
			defaultConfigurationName = Release;
		};
		DE29B9B31A885BF300A2DC2E /* Build configuration list for PBXNativeTarget "asg" */ = {
			isa = XCConfigurationList;
			buildConfigurations = (
				DE29B9B41A885BF300A2DC2E /* Debug */,
				DE29B9B51A885BF300A2DC2E /* Release */,
			);
			defaultConfigurationIsVisible = 0;
			defaultConfigurationName = Release;
		};
		DE29B9B61A885BF300A2DC2E /* Build configuration list for PBXNativeTarget "asgTests" */ = {
			isa = XCConfigurationList;
			buildConfigurations = (
				DE29B9B71A885BF300A2DC2E /* Debug */,
				DE29B9B81A885BF300A2DC2E /* Release */,
			);
			defaultConfigurationIsVisible = 0;
			defaultConfigurationName = Release;
		};
/* End XCConfigurationList section */
	};
	rootObject = DE29B9851A885BF200A2DC2E /* Project object */;
}
