// !$*UTF8*$!
{
	archiveVersion = 1;
	classes = {
	};
	objectVersion = 46;
	objects = {

/* Begin PBXBuildFile section */
		038444961AB1762F00495C39 /* ASWorkAreasViewController.m in Sources */ = {isa = PBXBuildFile; fileRef = 038444951AB1762F00495C39 /* ASWorkAreasViewController.m */; };
		038444991AB197B400495C39 /* ASAddWorkAreaViewController.m in Sources */ = {isa = PBXBuildFile; fileRef = 038444981AB197B400495C39 /* ASAddWorkAreaViewController.m */; };
		0384449C1AB19A4400495C39 /* WorkArea.m in Sources */ = {isa = PBXBuildFile; fileRef = 0384449B1AB19A4400495C39 /* WorkArea.m */; };
		0384449F1AB1F66400495C39 /* ASDetailsWorkAreaViewController.m in Sources */ = {isa = PBXBuildFile; fileRef = 0384449E1AB1F66400495C39 /* ASDetailsWorkAreaViewController.m */; };
		03D3C7771AADD30B001D01C9 /* Bolts.framework in Frameworks */ = {isa = PBXBuildFile; fileRef = 03D3C7761AADD30B001D01C9 /* Bolts.framework */; };
		685692C507E3D54B38D27ACC /* libPods-asg.a in Frameworks */ = {isa = PBXBuildFile; fileRef = 4CE83124903B1646A5893700 /* libPods-asg.a */; };
		DE0D63CC1A9AE0DC0054C816 /* ASSignUpViewController.m in Sources */ = {isa = PBXBuildFile; fileRef = DE0D63CB1A9AE0DC0054C816 /* ASSignUpViewController.m */; };
		DE0D63D31A9AE9230054C816 /* Global.m in Sources */ = {isa = PBXBuildFile; fileRef = DE0D63D21A9AE9230054C816 /* Global.m */; };
		DE0D63E51A9AF3E10054C816 /* ASSignupDetailsTableViewController.m in Sources */ = {isa = PBXBuildFile; fileRef = DE0D63E41A9AF3E10054C816 /* ASSignupDetailsTableViewController.m */; };
		DE0D63E81A9AF4AA0054C816 /* ASLoginViewController.m in Sources */ = {isa = PBXBuildFile; fileRef = DE0D63E71A9AF4AA0054C816 /* ASLoginViewController.m */; };
		DE0D63EF1A9B1DB30054C816 /* ASSignUpSuccessViewController.m in Sources */ = {isa = PBXBuildFile; fileRef = DE0D63EE1A9B1DB30054C816 /* ASSignUpSuccessViewController.m */; };
		DE0D64061A9B3E970054C816 /* UserInfo.m in Sources */ = {isa = PBXBuildFile; fileRef = DE0D64051A9B3E970054C816 /* UserInfo.m */; };
		DE0D647E1A9C0A1D0054C816 /* Position.m in Sources */ = {isa = PBXBuildFile; fileRef = DE0D647D1A9C0A1D0054C816 /* Position.m */; };
		DE0D647F1A9C62AA0054C816 /* Parse.framework in Frameworks */ = {isa = PBXBuildFile; fileRef = DEC27E7B1A95C80E00EFEF6F /* Parse.framework */; };
		DE0D64821A9C62FC0054C816 /* Social.framework in Frameworks */ = {isa = PBXBuildFile; fileRef = DE0D64811A9C62FC0054C816 /* Social.framework */; };
		DE0D64841A9C63010054C816 /* Accounts.framework in Frameworks */ = {isa = PBXBuildFile; fileRef = DE0D64831A9C63010054C816 /* Accounts.framework */; };
		DE0D648B1A9DDECC0054C816 /* ASWorksiteViewController.m in Sources */ = {isa = PBXBuildFile; fileRef = DE0D648A1A9DDECC0054C816 /* ASWorksiteViewController.m */; };
		DE29B9931A885BF300A2DC2E /* main.m in Sources */ = {isa = PBXBuildFile; fileRef = DE29B9921A885BF300A2DC2E /* main.m */; };
		DE29B9961A885BF300A2DC2E /* AppDelegate.m in Sources */ = {isa = PBXBuildFile; fileRef = DE29B9951A885BF300A2DC2E /* AppDelegate.m */; };
		DE29B99F1A885BF300A2DC2E /* Main.storyboard in Resources */ = {isa = PBXBuildFile; fileRef = DE29B99D1A885BF300A2DC2E /* Main.storyboard */; };
		DE29B9A11A885BF300A2DC2E /* Images.xcassets in Resources */ = {isa = PBXBuildFile; fileRef = DE29B9A01A885BF300A2DC2E /* Images.xcassets */; };
		DE29B9A41A885BF300A2DC2E /* LaunchScreen.xib in Resources */ = {isa = PBXBuildFile; fileRef = DE29B9A21A885BF300A2DC2E /* LaunchScreen.xib */; };
		DE5F25761AADAB2E008F2FD1 /* ASResetPasswordViewController.m in Sources */ = {isa = PBXBuildFile; fileRef = DE5F25751AADAB2E008F2FD1 /* ASResetPasswordViewController.m */; };
		DE62F5E61AA616270099092C /* ASDetailsWorksiteViewController.m in Sources */ = {isa = PBXBuildFile; fileRef = DE62F5E51AA616270099092C /* ASDetailsWorksiteViewController.m */; };
		DE6856C71AC405E200680528 /* Timelog.m in Sources */ = {isa = PBXBuildFile; fileRef = DE6856C61AC405E200680528 /* Timelog.m */; };
		DE6856CB1AC40EEE00680528 /* ASCheckInOutViewController.m in Sources */ = {isa = PBXBuildFile; fileRef = DE6856CA1AC40EEE00680528 /* ASCheckInOutViewController.m */; };
		DE7BCCE51AA5651400CEB9E0 /* ASAddWorksiteViewController.m in Sources */ = {isa = PBXBuildFile; fileRef = DE7BCCE41AA5651400CEB9E0 /* ASAddWorksiteViewController.m */; };
		DE7E47CA1A9F4856008530D5 /* ASRootController.m in Sources */ = {isa = PBXBuildFile; fileRef = DE7E47C91A9F4856008530D5 /* ASRootController.m */; };
		DE7E480D1AA06F5E008530D5 /* WorkSite.m in Sources */ = {isa = PBXBuildFile; fileRef = DE7E480C1AA06F5E008530D5 /* WorkSite.m */; };
		DEC27E7F1A95C82E00EFEF6F /* AudioToolbox.framework in Frameworks */ = {isa = PBXBuildFile; fileRef = DEC27E7E1A95C82E00EFEF6F /* AudioToolbox.framework */; };
		DEC27E811A95C83300EFEF6F /* CFNetwork.framework in Frameworks */ = {isa = PBXBuildFile; fileRef = DEC27E801A95C83300EFEF6F /* CFNetwork.framework */; };
		DEC27E831A95C83900EFEF6F /* CoreGraphics.framework in Frameworks */ = {isa = PBXBuildFile; fileRef = DEC27E821A95C83900EFEF6F /* CoreGraphics.framework */; };
		DEC27E851A95C84100EFEF6F /* CoreLocation.framework in Frameworks */ = {isa = PBXBuildFile; fileRef = DEC27E841A95C84100EFEF6F /* CoreLocation.framework */; };
		DEC27E871A95C84700EFEF6F /* MobileCoreServices.framework in Frameworks */ = {isa = PBXBuildFile; fileRef = DEC27E861A95C84700EFEF6F /* MobileCoreServices.framework */; };
		DEC27E891A95C84C00EFEF6F /* QuartzCore.framework in Frameworks */ = {isa = PBXBuildFile; fileRef = DEC27E881A95C84C00EFEF6F /* QuartzCore.framework */; };
		DEC27E8B1A95C85100EFEF6F /* Security.framework in Frameworks */ = {isa = PBXBuildFile; fileRef = DEC27E8A1A95C85100EFEF6F /* Security.framework */; };
		DEC27E8F1A95C86300EFEF6F /* SystemConfiguration.framework in Frameworks */ = {isa = PBXBuildFile; fileRef = DEC27E8E1A95C86300EFEF6F /* SystemConfiguration.framework */; };
		DEC27E911A95C86A00EFEF6F /* libz.dylib in Frameworks */ = {isa = PBXBuildFile; fileRef = DEC27E901A95C86A00EFEF6F /* libz.dylib */; };
		DEC27E931A95C87300EFEF6F /* libsqlite3.dylib in Frameworks */ = {isa = PBXBuildFile; fileRef = DEC27E921A95C87300EFEF6F /* libsqlite3.dylib */; };
/* End PBXBuildFile section */

/* Begin PBXFileReference section */
		038444941AB1762F00495C39 /* ASWorkAreasViewController.h */ = {isa = PBXFileReference; fileEncoding = 4; lastKnownFileType = sourcecode.c.h; name = ASWorkAreasViewController.h; path = "Work Area/ASWorkAreasViewController.h"; sourceTree = "<group>"; };
		038444951AB1762F00495C39 /* ASWorkAreasViewController.m */ = {isa = PBXFileReference; fileEncoding = 4; lastKnownFileType = sourcecode.c.objc; name = ASWorkAreasViewController.m; path = "Work Area/ASWorkAreasViewController.m"; sourceTree = "<group>"; };
		038444971AB197B400495C39 /* ASAddWorkAreaViewController.h */ = {isa = PBXFileReference; fileEncoding = 4; lastKnownFileType = sourcecode.c.h; name = ASAddWorkAreaViewController.h; path = "Work Area/ASAddWorkAreaViewController.h"; sourceTree = "<group>"; };
		038444981AB197B400495C39 /* ASAddWorkAreaViewController.m */ = {isa = PBXFileReference; fileEncoding = 4; lastKnownFileType = sourcecode.c.objc; name = ASAddWorkAreaViewController.m; path = "Work Area/ASAddWorkAreaViewController.m"; sourceTree = "<group>"; };
		0384449A1AB19A4400495C39 /* WorkArea.h */ = {isa = PBXFileReference; fileEncoding = 4; lastKnownFileType = sourcecode.c.h; name = WorkArea.h; path = Model/WorkArea.h; sourceTree = "<group>"; };
		0384449B1AB19A4400495C39 /* WorkArea.m */ = {isa = PBXFileReference; fileEncoding = 4; lastKnownFileType = sourcecode.c.objc; name = WorkArea.m; path = Model/WorkArea.m; sourceTree = "<group>"; };
		0384449D1AB1F66400495C39 /* ASDetailsWorkAreaViewController.h */ = {isa = PBXFileReference; fileEncoding = 4; lastKnownFileType = sourcecode.c.h; name = ASDetailsWorkAreaViewController.h; path = "Work Area/ASDetailsWorkAreaViewController.h"; sourceTree = "<group>"; };
		0384449E1AB1F66400495C39 /* ASDetailsWorkAreaViewController.m */ = {isa = PBXFileReference; fileEncoding = 4; lastKnownFileType = sourcecode.c.objc; name = ASDetailsWorkAreaViewController.m; path = "Work Area/ASDetailsWorkAreaViewController.m"; sourceTree = "<group>"; };
		03D3C7761AADD30B001D01C9 /* Bolts.framework */ = {isa = PBXFileReference; lastKnownFileType = wrapper.framework; path = Bolts.framework; sourceTree = "<group>"; };
		3C94282E497C53FB5DFA1687 /* Pods-asg.debug.xcconfig */ = {isa = PBXFileReference; includeInIndex = 1; lastKnownFileType = text.xcconfig; name = "Pods-asg.debug.xcconfig"; path = "Pods/Target Support Files/Pods-asg/Pods-asg.debug.xcconfig"; sourceTree = "<group>"; };
		4CE83124903B1646A5893700 /* libPods-asg.a */ = {isa = PBXFileReference; explicitFileType = archive.ar; includeInIndex = 0; path = "libPods-asg.a"; sourceTree = BUILT_PRODUCTS_DIR; };
		53541AA6ABE644E8CF030119 /* Pods-asg.release.xcconfig */ = {isa = PBXFileReference; includeInIndex = 1; lastKnownFileType = text.xcconfig; name = "Pods-asg.release.xcconfig"; path = "Pods/Target Support Files/Pods-asg/Pods-asg.release.xcconfig"; sourceTree = "<group>"; };
		DE0D63CA1A9AE0DC0054C816 /* ASSignUpViewController.h */ = {isa = PBXFileReference; fileEncoding = 4; lastKnownFileType = sourcecode.c.h; name = ASSignUpViewController.h; path = Login/ASSignUpViewController.h; sourceTree = "<group>"; };
		DE0D63CB1A9AE0DC0054C816 /* ASSignUpViewController.m */ = {isa = PBXFileReference; fileEncoding = 4; lastKnownFileType = sourcecode.c.objc; name = ASSignUpViewController.m; path = Login/ASSignUpViewController.m; sourceTree = "<group>"; };
		DE0D63D11A9AE9230054C816 /* Global.h */ = {isa = PBXFileReference; fileEncoding = 4; lastKnownFileType = sourcecode.c.h; name = Global.h; path = Global/Global.h; sourceTree = "<group>"; };
		DE0D63D21A9AE9230054C816 /* Global.m */ = {isa = PBXFileReference; fileEncoding = 4; lastKnownFileType = sourcecode.c.objc; name = Global.m; path = Global/Global.m; sourceTree = "<group>"; };
		DE0D63D91A9AF1A10054C816 /* Constants.h */ = {isa = PBXFileReference; fileEncoding = 4; lastKnownFileType = sourcecode.c.h; path = Constants.h; sourceTree = "<group>"; };
		DE0D63E31A9AF3E10054C816 /* ASSignupDetailsTableViewController.h */ = {isa = PBXFileReference; fileEncoding = 4; lastKnownFileType = sourcecode.c.h; name = ASSignupDetailsTableViewController.h; path = Login/ASSignupDetailsTableViewController.h; sourceTree = "<group>"; };
		DE0D63E41A9AF3E10054C816 /* ASSignupDetailsTableViewController.m */ = {isa = PBXFileReference; fileEncoding = 4; lastKnownFileType = sourcecode.c.objc; name = ASSignupDetailsTableViewController.m; path = Login/ASSignupDetailsTableViewController.m; sourceTree = "<group>"; };
		DE0D63E61A9AF4AA0054C816 /* ASLoginViewController.h */ = {isa = PBXFileReference; fileEncoding = 4; lastKnownFileType = sourcecode.c.h; name = ASLoginViewController.h; path = Login/ASLoginViewController.h; sourceTree = "<group>"; };
		DE0D63E71A9AF4AA0054C816 /* ASLoginViewController.m */ = {isa = PBXFileReference; fileEncoding = 4; lastKnownFileType = sourcecode.c.objc; name = ASLoginViewController.m; path = Login/ASLoginViewController.m; sourceTree = "<group>"; };
		DE0D63ED1A9B1DB30054C816 /* ASSignUpSuccessViewController.h */ = {isa = PBXFileReference; fileEncoding = 4; lastKnownFileType = sourcecode.c.h; name = ASSignUpSuccessViewController.h; path = Login/ASSignUpSuccessViewController.h; sourceTree = "<group>"; };
		DE0D63EE1A9B1DB30054C816 /* ASSignUpSuccessViewController.m */ = {isa = PBXFileReference; fileEncoding = 4; lastKnownFileType = sourcecode.c.objc; name = ASSignUpSuccessViewController.m; path = Login/ASSignUpSuccessViewController.m; sourceTree = "<group>"; };
		DE0D64041A9B3E970054C816 /* UserInfo.h */ = {isa = PBXFileReference; fileEncoding = 4; lastKnownFileType = sourcecode.c.h; name = UserInfo.h; path = Model/UserInfo.h; sourceTree = "<group>"; };
		DE0D64051A9B3E970054C816 /* UserInfo.m */ = {isa = PBXFileReference; fileEncoding = 4; lastKnownFileType = sourcecode.c.objc; name = UserInfo.m; path = Model/UserInfo.m; sourceTree = "<group>"; };
		DE0D647C1A9C0A1D0054C816 /* Position.h */ = {isa = PBXFileReference; fileEncoding = 4; lastKnownFileType = sourcecode.c.h; name = Position.h; path = Model/Position.h; sourceTree = "<group>"; };
		DE0D647D1A9C0A1D0054C816 /* Position.m */ = {isa = PBXFileReference; fileEncoding = 4; lastKnownFileType = sourcecode.c.objc; name = Position.m; path = Model/Position.m; sourceTree = "<group>"; };
		DE0D64811A9C62FC0054C816 /* Social.framework */ = {isa = PBXFileReference; lastKnownFileType = wrapper.framework; name = Social.framework; path = System/Library/Frameworks/Social.framework; sourceTree = SDKROOT; };
		DE0D64831A9C63010054C816 /* Accounts.framework */ = {isa = PBXFileReference; lastKnownFileType = wrapper.framework; name = Accounts.framework; path = System/Library/Frameworks/Accounts.framework; sourceTree = SDKROOT; };
		DE0D64891A9DDECC0054C816 /* ASWorksiteViewController.h */ = {isa = PBXFileReference; fileEncoding = 4; lastKnownFileType = sourcecode.c.h; name = ASWorksiteViewController.h; path = Worksite/ASWorksiteViewController.h; sourceTree = "<group>"; };
		DE0D648A1A9DDECC0054C816 /* ASWorksiteViewController.m */ = {isa = PBXFileReference; fileEncoding = 4; lastKnownFileType = sourcecode.c.objc; name = ASWorksiteViewController.m; path = Worksite/ASWorksiteViewController.m; sourceTree = "<group>"; };
		DE29B98D1A885BF200A2DC2E /* asg.app */ = {isa = PBXFileReference; explicitFileType = wrapper.application; includeInIndex = 0; path = asg.app; sourceTree = BUILT_PRODUCTS_DIR; };
		DE29B9911A885BF300A2DC2E /* Info.plist */ = {isa = PBXFileReference; lastKnownFileType = text.plist.xml; path = Info.plist; sourceTree = "<group>"; };
		DE29B9921A885BF300A2DC2E /* main.m */ = {isa = PBXFileReference; lastKnownFileType = sourcecode.c.objc; path = main.m; sourceTree = "<group>"; };
		DE29B9941A885BF300A2DC2E /* AppDelegate.h */ = {isa = PBXFileReference; lastKnownFileType = sourcecode.c.h; path = AppDelegate.h; sourceTree = "<group>"; };
		DE29B9951A885BF300A2DC2E /* AppDelegate.m */ = {isa = PBXFileReference; lastKnownFileType = sourcecode.c.objc; path = AppDelegate.m; sourceTree = "<group>"; };
		DE29B99E1A885BF300A2DC2E /* Base */ = {isa = PBXFileReference; lastKnownFileType = file.storyboard; name = Base; path = Base.lproj/Main.storyboard; sourceTree = "<group>"; };
		DE29B9A01A885BF300A2DC2E /* Images.xcassets */ = {isa = PBXFileReference; lastKnownFileType = folder.assetcatalog; path = Images.xcassets; sourceTree = "<group>"; };
		DE29B9A31A885BF300A2DC2E /* Base */ = {isa = PBXFileReference; lastKnownFileType = file.xib; name = Base; path = Base.lproj/LaunchScreen.xib; sourceTree = "<group>"; };
		DE5F25741AADAB2E008F2FD1 /* ASResetPasswordViewController.h */ = {isa = PBXFileReference; fileEncoding = 4; lastKnownFileType = sourcecode.c.h; name = ASResetPasswordViewController.h; path = Login/ASResetPasswordViewController.h; sourceTree = "<group>"; };
		DE5F25751AADAB2E008F2FD1 /* ASResetPasswordViewController.m */ = {isa = PBXFileReference; fileEncoding = 4; lastKnownFileType = sourcecode.c.objc; name = ASResetPasswordViewController.m; path = Login/ASResetPasswordViewController.m; sourceTree = "<group>"; };
		DE62F5E41AA616270099092C /* ASDetailsWorksiteViewController.h */ = {isa = PBXFileReference; fileEncoding = 4; lastKnownFileType = sourcecode.c.h; name = ASDetailsWorksiteViewController.h; path = Worksite/ASDetailsWorksiteViewController.h; sourceTree = "<group>"; };
		DE62F5E51AA616270099092C /* ASDetailsWorksiteViewController.m */ = {isa = PBXFileReference; fileEncoding = 4; lastKnownFileType = sourcecode.c.objc; name = ASDetailsWorksiteViewController.m; path = Worksite/ASDetailsWorksiteViewController.m; sourceTree = "<group>"; };
		DE6856C51AC405E200680528 /* Timelog.h */ = {isa = PBXFileReference; fileEncoding = 4; lastKnownFileType = sourcecode.c.h; name = Timelog.h; path = Model/Timelog.h; sourceTree = "<group>"; };
		DE6856C61AC405E200680528 /* Timelog.m */ = {isa = PBXFileReference; fileEncoding = 4; lastKnownFileType = sourcecode.c.objc; name = Timelog.m; path = Model/Timelog.m; sourceTree = "<group>"; };
		DE6856C91AC40EEE00680528 /* ASCheckInOutViewController.h */ = {isa = PBXFileReference; fileEncoding = 4; lastKnownFileType = sourcecode.c.h; name = ASCheckInOutViewController.h; path = CheckInOut/ASCheckInOutViewController.h; sourceTree = "<group>"; };
		DE6856CA1AC40EEE00680528 /* ASCheckInOutViewController.m */ = {isa = PBXFileReference; fileEncoding = 4; lastKnownFileType = sourcecode.c.objc; name = ASCheckInOutViewController.m; path = CheckInOut/ASCheckInOutViewController.m; sourceTree = "<group>"; };
		DE7BCCE31AA5651400CEB9E0 /* ASAddWorksiteViewController.h */ = {isa = PBXFileReference; fileEncoding = 4; lastKnownFileType = sourcecode.c.h; name = ASAddWorksiteViewController.h; path = Worksite/ASAddWorksiteViewController.h; sourceTree = "<group>"; };
		DE7BCCE41AA5651400CEB9E0 /* ASAddWorksiteViewController.m */ = {isa = PBXFileReference; fileEncoding = 4; lastKnownFileType = sourcecode.c.objc; name = ASAddWorksiteViewController.m; path = Worksite/ASAddWorksiteViewController.m; sourceTree = "<group>"; };
		DE7E47C81A9F4856008530D5 /* ASRootController.h */ = {isa = PBXFileReference; fileEncoding = 4; lastKnownFileType = sourcecode.c.h; name = ASRootController.h; path = RootController/ASRootController.h; sourceTree = "<group>"; };
		DE7E47C91A9F4856008530D5 /* ASRootController.m */ = {isa = PBXFileReference; fileEncoding = 4; lastKnownFileType = sourcecode.c.objc; name = ASRootController.m; path = RootController/ASRootController.m; sourceTree = "<group>"; };
		DE7E480B1AA06F5E008530D5 /* WorkSite.h */ = {isa = PBXFileReference; fileEncoding = 4; lastKnownFileType = sourcecode.c.h; name = WorkSite.h; path = Model/WorkSite.h; sourceTree = "<group>"; };
		DE7E480C1AA06F5E008530D5 /* WorkSite.m */ = {isa = PBXFileReference; fileEncoding = 4; lastKnownFileType = sourcecode.c.objc; name = WorkSite.m; path = Model/WorkSite.m; sourceTree = "<group>"; };
		DEC27E7B1A95C80E00EFEF6F /* Parse.framework */ = {isa = PBXFileReference; lastKnownFileType = wrapper.framework; path = Parse.framework; sourceTree = "<group>"; };
		DEC27E7E1A95C82E00EFEF6F /* AudioToolbox.framework */ = {isa = PBXFileReference; lastKnownFileType = wrapper.framework; name = AudioToolbox.framework; path = System/Library/Frameworks/AudioToolbox.framework; sourceTree = SDKROOT; };
		DEC27E801A95C83300EFEF6F /* CFNetwork.framework */ = {isa = PBXFileReference; lastKnownFileType = wrapper.framework; name = CFNetwork.framework; path = System/Library/Frameworks/CFNetwork.framework; sourceTree = SDKROOT; };
		DEC27E821A95C83900EFEF6F /* CoreGraphics.framework */ = {isa = PBXFileReference; lastKnownFileType = wrapper.framework; name = CoreGraphics.framework; path = System/Library/Frameworks/CoreGraphics.framework; sourceTree = SDKROOT; };
		DEC27E841A95C84100EFEF6F /* CoreLocation.framework */ = {isa = PBXFileReference; lastKnownFileType = wrapper.framework; name = CoreLocation.framework; path = System/Library/Frameworks/CoreLocation.framework; sourceTree = SDKROOT; };
		DEC27E861A95C84700EFEF6F /* MobileCoreServices.framework */ = {isa = PBXFileReference; lastKnownFileType = wrapper.framework; name = MobileCoreServices.framework; path = System/Library/Frameworks/MobileCoreServices.framework; sourceTree = SDKROOT; };
		DEC27E881A95C84C00EFEF6F /* QuartzCore.framework */ = {isa = PBXFileReference; lastKnownFileType = wrapper.framework; name = QuartzCore.framework; path = System/Library/Frameworks/QuartzCore.framework; sourceTree = SDKROOT; };
		DEC27E8A1A95C85100EFEF6F /* Security.framework */ = {isa = PBXFileReference; lastKnownFileType = wrapper.framework; name = Security.framework; path = System/Library/Frameworks/Security.framework; sourceTree = SDKROOT; };
		DEC27E8E1A95C86300EFEF6F /* SystemConfiguration.framework */ = {isa = PBXFileReference; lastKnownFileType = wrapper.framework; name = SystemConfiguration.framework; path = System/Library/Frameworks/SystemConfiguration.framework; sourceTree = SDKROOT; };
		DEC27E901A95C86A00EFEF6F /* libz.dylib */ = {isa = PBXFileReference; lastKnownFileType = "compiled.mach-o.dylib"; name = libz.dylib; path = usr/lib/libz.dylib; sourceTree = SDKROOT; };
		DEC27E921A95C87300EFEF6F /* libsqlite3.dylib */ = {isa = PBXFileReference; lastKnownFileType = "compiled.mach-o.dylib"; name = libsqlite3.dylib; path = usr/lib/libsqlite3.dylib; sourceTree = SDKROOT; };
/* End PBXFileReference section */

/* Begin PBXFrameworksBuildPhase section */
		DE29B98A1A885BF200A2DC2E /* Frameworks */ = {
			isa = PBXFrameworksBuildPhase;
			buildActionMask = 2147483647;
			files = (
				03D3C7771AADD30B001D01C9 /* Bolts.framework in Frameworks */,
				DE0D64841A9C63010054C816 /* Accounts.framework in Frameworks */,
				DE0D64821A9C62FC0054C816 /* Social.framework in Frameworks */,
				DEC27E931A95C87300EFEF6F /* libsqlite3.dylib in Frameworks */,
				DEC27E911A95C86A00EFEF6F /* libz.dylib in Frameworks */,
				DEC27E8F1A95C86300EFEF6F /* SystemConfiguration.framework in Frameworks */,
				DEC27E8B1A95C85100EFEF6F /* Security.framework in Frameworks */,
				DEC27E891A95C84C00EFEF6F /* QuartzCore.framework in Frameworks */,
				DEC27E871A95C84700EFEF6F /* MobileCoreServices.framework in Frameworks */,
				DEC27E851A95C84100EFEF6F /* CoreLocation.framework in Frameworks */,
				DEC27E831A95C83900EFEF6F /* CoreGraphics.framework in Frameworks */,
				DEC27E811A95C83300EFEF6F /* CFNetwork.framework in Frameworks */,
				DEC27E7F1A95C82E00EFEF6F /* AudioToolbox.framework in Frameworks */,
				DE0D647F1A9C62AA0054C816 /* Parse.framework in Frameworks */,
				685692C507E3D54B38D27ACC /* libPods-asg.a in Frameworks */,
			);
			runOnlyForDeploymentPostprocessing = 0;
		};
/* End PBXFrameworksBuildPhase section */

/* Begin PBXGroup section */
		038444931AB175E700495C39 /* WorkArea */ = {
			isa = PBXGroup;
			children = (
				038444941AB1762F00495C39 /* ASWorkAreasViewController.h */,
				038444951AB1762F00495C39 /* ASWorkAreasViewController.m */,
				038444971AB197B400495C39 /* ASAddWorkAreaViewController.h */,
				038444981AB197B400495C39 /* ASAddWorkAreaViewController.m */,
				0384449D1AB1F66400495C39 /* ASDetailsWorkAreaViewController.h */,
				0384449E1AB1F66400495C39 /* ASDetailsWorkAreaViewController.m */,
			);
			name = WorkArea;
			sourceTree = "<group>";
		};
		3330A63E9C7426C5C8B4363F /* Pods */ = {
			isa = PBXGroup;
			children = (
				3C94282E497C53FB5DFA1687 /* Pods-asg.debug.xcconfig */,
				53541AA6ABE644E8CF030119 /* Pods-asg.release.xcconfig */,
			);
			name = Pods;
			sourceTree = "<group>";
		};
		DE0D63D01A9AE8E80054C816 /* Global */ = {
			isa = PBXGroup;
			children = (
				DE0D63D11A9AE9230054C816 /* Global.h */,
				DE0D63D21A9AE9230054C816 /* Global.m */,
				DE0D63D91A9AF1A10054C816 /* Constants.h */,
			);
			name = Global;
			sourceTree = "<group>";
		};
		DE0D63F01A9B35710054C816 /* Model */ = {
			isa = PBXGroup;
			children = (
				DE0D63F21A9B35980054C816 /* Parse Objects */,
			);
			name = Model;
			sourceTree = "<group>";
		};
		DE0D63F11A9B35790054C816 /* ViewControllers */ = {
			isa = PBXGroup;
			children = (
				DEC27E961A9AD97900EFEF6F /* Login */,
				DE7E47C41A9F4776008530D5 /* Tab Bar Controller */,
				DE7E47CB1A9F61F5008530D5 /* Custom Views */,
			);
			name = ViewControllers;
			sourceTree = "<group>";
		};
		DE0D63F21A9B35980054C816 /* Parse Objects */ = {
			isa = PBXGroup;
			children = (
				DE0D64041A9B3E970054C816 /* UserInfo.h */,
				DE0D64051A9B3E970054C816 /* UserInfo.m */,
				DE0D647C1A9C0A1D0054C816 /* Position.h */,
				DE0D647D1A9C0A1D0054C816 /* Position.m */,
				DE7E480B1AA06F5E008530D5 /* WorkSite.h */,
				DE7E480C1AA06F5E008530D5 /* WorkSite.m */,
				0384449A1AB19A4400495C39 /* WorkArea.h */,
				0384449B1AB19A4400495C39 /* WorkArea.m */,
				DE6856C51AC405E200680528 /* Timelog.h */,
				DE6856C61AC405E200680528 /* Timelog.m */,
			);
			name = "Parse Objects";
			sourceTree = "<group>";
		};
		DE0D64851A9DDAD20054C816 /* Worksite */ = {
			isa = PBXGroup;
			children = (
				DE0D64891A9DDECC0054C816 /* ASWorksiteViewController.h */,
				DE0D648A1A9DDECC0054C816 /* ASWorksiteViewController.m */,
				DE7BCCE31AA5651400CEB9E0 /* ASAddWorksiteViewController.h */,
				DE7BCCE41AA5651400CEB9E0 /* ASAddWorksiteViewController.m */,
				DE62F5E41AA616270099092C /* ASDetailsWorksiteViewController.h */,
				DE62F5E51AA616270099092C /* ASDetailsWorksiteViewController.m */,
			);
			name = Worksite;
			sourceTree = "<group>";
		};
		DE29B9841A885BF200A2DC2E = {
			isa = PBXGroup;
			children = (
				DE29B98F1A885BF200A2DC2E /* asg */,
				DE89C7921A9387B100B1AB26 /* Frameworks */,
				DE29B98E1A885BF200A2DC2E /* Products */,
				3330A63E9C7426C5C8B4363F /* Pods */,
			);
			sourceTree = "<group>";
		};
		DE29B98E1A885BF200A2DC2E /* Products */ = {
			isa = PBXGroup;
			children = (
				DE29B98D1A885BF200A2DC2E /* asg.app */,
			);
			name = Products;
			sourceTree = "<group>";
		};
		DE29B98F1A885BF200A2DC2E /* asg */ = {
			isa = PBXGroup;
			children = (
				DE0D63D01A9AE8E80054C816 /* Global */,
				DE0D63F11A9B35790054C816 /* ViewControllers */,
				DE0D63F01A9B35710054C816 /* Model */,
				DE29B9941A885BF300A2DC2E /* AppDelegate.h */,
				DE29B9951A885BF300A2DC2E /* AppDelegate.m */,
				DE29B99D1A885BF300A2DC2E /* Main.storyboard */,
				DE29B9A01A885BF300A2DC2E /* Images.xcassets */,
				DE29B9A21A885BF300A2DC2E /* LaunchScreen.xib */,
				DE29B9901A885BF300A2DC2E /* Supporting Files */,
			);
			path = asg;
			sourceTree = "<group>";
		};
		DE29B9901A885BF300A2DC2E /* Supporting Files */ = {
			isa = PBXGroup;
			children = (
				DE29B9911A885BF300A2DC2E /* Info.plist */,
				DE29B9921A885BF300A2DC2E /* main.m */,
			);
			name = "Supporting Files";
			sourceTree = "<group>";
		};
		DE6856C81AC40E9F00680528 /* Check In */ = {
			isa = PBXGroup;
			children = (
				DE6856C91AC40EEE00680528 /* ASCheckInOutViewController.h */,
				DE6856CA1AC40EEE00680528 /* ASCheckInOutViewController.m */,
			);
			name = "Check In";
			sourceTree = "<group>";
		};
		DE7E47C41A9F4776008530D5 /* Tab Bar Controller */ = {
			isa = PBXGroup;
			children = (
				DE7E47C81A9F4856008530D5 /* ASRootController.h */,
				DE7E47C91A9F4856008530D5 /* ASRootController.m */,
				DE0D64851A9DDAD20054C816 /* Worksite */,
				038444931AB175E700495C39 /* WorkArea */,
				DE6856C81AC40E9F00680528 /* Check In */,
			);
			name = "Tab Bar Controller";
			sourceTree = "<group>";
		};
		DE7E47CB1A9F61F5008530D5 /* Custom Views */ = {
			isa = PBXGroup;
			children = (
			);
			name = "Custom Views";
			sourceTree = "<group>";
		};
		DE89C7921A9387B100B1AB26 /* Frameworks */ = {
			isa = PBXGroup;
			children = (
				03D3C7761AADD30B001D01C9 /* Bolts.framework */,
				DE0D64831A9C63010054C816 /* Accounts.framework */,
				DE0D64811A9C62FC0054C816 /* Social.framework */,
				DEC27E921A95C87300EFEF6F /* libsqlite3.dylib */,
				DEC27E901A95C86A00EFEF6F /* libz.dylib */,
				DEC27E8E1A95C86300EFEF6F /* SystemConfiguration.framework */,
				DEC27E8A1A95C85100EFEF6F /* Security.framework */,
				DEC27E881A95C84C00EFEF6F /* QuartzCore.framework */,
				DEC27E861A95C84700EFEF6F /* MobileCoreServices.framework */,
				DEC27E841A95C84100EFEF6F /* CoreLocation.framework */,
				DEC27E821A95C83900EFEF6F /* CoreGraphics.framework */,
				DEC27E801A95C83300EFEF6F /* CFNetwork.framework */,
				DEC27E7E1A95C82E00EFEF6F /* AudioToolbox.framework */,
				DEC27E7B1A95C80E00EFEF6F /* Parse.framework */,
				DE89C7AA1A938D0D00B1AB26 /* System Frameworks */,
				4CE83124903B1646A5893700 /* libPods-asg.a */,
			);
			name = Frameworks;
			sourceTree = "<group>";
		};
		DE89C7AA1A938D0D00B1AB26 /* System Frameworks */ = {
			isa = PBXGroup;
			children = (
			);
			name = "System Frameworks";
			sourceTree = "<group>";
		};
		DEC27E961A9AD97900EFEF6F /* Login */ = {
			isa = PBXGroup;
			children = (
				DE0D63E61A9AF4AA0054C816 /* ASLoginViewController.h */,
				DE0D63E71A9AF4AA0054C816 /* ASLoginViewController.m */,
				DE5F25741AADAB2E008F2FD1 /* ASResetPasswordViewController.h */,
				DE5F25751AADAB2E008F2FD1 /* ASResetPasswordViewController.m */,
				DE0D63CA1A9AE0DC0054C816 /* ASSignUpViewController.h */,
				DE0D63CB1A9AE0DC0054C816 /* ASSignUpViewController.m */,
				DE0D63E31A9AF3E10054C816 /* ASSignupDetailsTableViewController.h */,
				DE0D63E41A9AF3E10054C816 /* ASSignupDetailsTableViewController.m */,
				DE0D63ED1A9B1DB30054C816 /* ASSignUpSuccessViewController.h */,
				DE0D63EE1A9B1DB30054C816 /* ASSignUpSuccessViewController.m */,
			);
			name = Login;
			sourceTree = "<group>";
		};
/* End PBXGroup section */

/* Begin PBXNativeTarget section */
		DE29B98C1A885BF200A2DC2E /* asg */ = {
			isa = PBXNativeTarget;
			buildConfigurationList = DE29B9B31A885BF300A2DC2E /* Build configuration list for PBXNativeTarget "asg" */;
			buildPhases = (
				89A9EFDCDBCB5376952B75DC /* Check Pods Manifest.lock */,
				DE29B9891A885BF200A2DC2E /* Sources */,
				DE29B98A1A885BF200A2DC2E /* Frameworks */,
				DE29B98B1A885BF200A2DC2E /* Resources */,
				E91782AA55FBF52CC3DBF8C5 /* Copy Pods Resources */,
				03D9F59B1ABBD05F0021C6DC /* ShellScript */,
			);
			buildRules = (
			);
			dependencies = (
			);
			name = asg;
			productName = asg;
			productReference = DE29B98D1A885BF200A2DC2E /* asg.app */;
			productType = "com.apple.product-type.application";
		};
/* End PBXNativeTarget section */

/* Begin PBXProject section */
		DE29B9851A885BF200A2DC2E /* Project object */ = {
			isa = PBXProject;
			attributes = {
				LastUpgradeCheck = 0610;
				ORGANIZATIONNAME = appfibre;
				TargetAttributes = {
					DE29B98C1A885BF200A2DC2E = {
						CreatedOnToolsVersion = 6.1;
						DevelopmentTeam = 5YATP54DQ5;
						SystemCapabilities = {
							com.apple.InAppPurchase = {
								enabled = 0;
							};
						};
					};
				};
			};
			buildConfigurationList = DE29B9881A885BF200A2DC2E /* Build configuration list for PBXProject "asg" */;
			compatibilityVersion = "Xcode 3.2";
			developmentRegion = English;
			hasScannedForEncodings = 0;
			knownRegions = (
				en,
				Base,
			);
			mainGroup = DE29B9841A885BF200A2DC2E;
			productRefGroup = DE29B98E1A885BF200A2DC2E /* Products */;
			projectDirPath = "";
			projectRoot = "";
			targets = (
				DE29B98C1A885BF200A2DC2E /* asg */,
			);
		};
/* End PBXProject section */

/* Begin PBXResourcesBuildPhase section */
		DE29B98B1A885BF200A2DC2E /* Resources */ = {
			isa = PBXResourcesBuildPhase;
			buildActionMask = 2147483647;
			files = (
				DE29B99F1A885BF300A2DC2E /* Main.storyboard in Resources */,
				DE29B9A41A885BF300A2DC2E /* LaunchScreen.xib in Resources */,
				DE29B9A11A885BF300A2DC2E /* Images.xcassets in Resources */,
			);
			runOnlyForDeploymentPostprocessing = 0;
		};
/* End PBXResourcesBuildPhase section */

/* Begin PBXShellScriptBuildPhase section */
		03D9F59B1ABBD05F0021C6DC /* ShellScript */ = {
			isa = PBXShellScriptBuildPhase;
			buildActionMask = 2147483647;
			files = (
			);
			inputPaths = (
			);
			outputPaths = (
			);
			runOnlyForDeploymentPostprocessing = 0;
			shellPath = /bin/sh;
			shellScript = "FILE=\"${SRCROOT}/HockeySDK-iOS/BuildAgent\"\nif [ -f \"$FILE\" ]; then\n\"$FILE\"\nfi";
		};
		89A9EFDCDBCB5376952B75DC /* Check Pods Manifest.lock */ = {
			isa = PBXShellScriptBuildPhase;
			buildActionMask = 2147483647;
			files = (
			);
			inputPaths = (
			);
			name = "Check Pods Manifest.lock";
			outputPaths = (
			);
			runOnlyForDeploymentPostprocessing = 0;
			shellPath = /bin/sh;
			shellScript = "diff \"${PODS_ROOT}/../Podfile.lock\" \"${PODS_ROOT}/Manifest.lock\" > /dev/null\nif [[ $? != 0 ]] ; then\n    cat << EOM\nerror: The sandbox is not in sync with the Podfile.lock. Run 'pod install' or update your CocoaPods installation.\nEOM\n    exit 1\nfi\n";
			showEnvVarsInLog = 0;
		};
		E91782AA55FBF52CC3DBF8C5 /* Copy Pods Resources */ = {
			isa = PBXShellScriptBuildPhase;
			buildActionMask = 2147483647;
			files = (
			);
			inputPaths = (
			);
			name = "Copy Pods Resources";
			outputPaths = (
			);
			runOnlyForDeploymentPostprocessing = 0;
			shellPath = /bin/sh;
			shellScript = "\"${SRCROOT}/Pods/Target Support Files/Pods-asg/Pods-asg-resources.sh\"\n";
			showEnvVarsInLog = 0;
		};
/* End PBXShellScriptBuildPhase section */

/* Begin PBXSourcesBuildPhase section */
		DE29B9891A885BF200A2DC2E /* Sources */ = {
			isa = PBXSourcesBuildPhase;
			buildActionMask = 2147483647;
			files = (
				038444991AB197B400495C39 /* ASAddWorkAreaViewController.m in Sources */,
				DE0D63EF1A9B1DB30054C816 /* ASSignUpSuccessViewController.m in Sources */,
				DE7E480D1AA06F5E008530D5 /* WorkSite.m in Sources */,
				DE5F25761AADAB2E008F2FD1 /* ASResetPasswordViewController.m in Sources */,
				DE7BCCE51AA5651400CEB9E0 /* ASAddWorksiteViewController.m in Sources */,
				0384449C1AB19A4400495C39 /* WorkArea.m in Sources */,
				DE29B9961A885BF300A2DC2E /* AppDelegate.m in Sources */,
				DE29B9931A885BF300A2DC2E /* main.m in Sources */,
				DE0D63D31A9AE9230054C816 /* Global.m in Sources */,
				DE0D63E51A9AF3E10054C816 /* ASSignupDetailsTableViewController.m in Sources */,
				038444961AB1762F00495C39 /* ASWorkAreasViewController.m in Sources */,
				DE0D63E81A9AF4AA0054C816 /* ASLoginViewController.m in Sources */,
				DE0D648B1A9DDECC0054C816 /* ASWorksiteViewController.m in Sources */,
				DE6856C71AC405E200680528 /* Timelog.m in Sources */,
				DE0D647E1A9C0A1D0054C816 /* Position.m in Sources */,
				DE0D64061A9B3E970054C816 /* UserInfo.m in Sources */,
				DE62F5E61AA616270099092C /* ASDetailsWorksiteViewController.m in Sources */,
				DE0D63CC1A9AE0DC0054C816 /* ASSignUpViewController.m in Sources */,
				DE6856CB1AC40EEE00680528 /* ASCheckInOutViewController.m in Sources */,
				0384449F1AB1F66400495C39 /* ASDetailsWorkAreaViewController.m in Sources */,
				DE7E47CA1A9F4856008530D5 /* ASRootController.m in Sources */,
			);
			runOnlyForDeploymentPostprocessing = 0;
		};
/* End PBXSourcesBuildPhase section */

/* Begin PBXVariantGroup section */
		DE29B99D1A885BF300A2DC2E /* Main.storyboard */ = {
			isa = PBXVariantGroup;
			children = (
				DE29B99E1A885BF300A2DC2E /* Base */,
			);
			name = Main.storyboard;
			sourceTree = "<group>";
		};
		DE29B9A21A885BF300A2DC2E /* LaunchScreen.xib */ = {
			isa = PBXVariantGroup;
			children = (
				DE29B9A31A885BF300A2DC2E /* Base */,
			);
			name = LaunchScreen.xib;
			sourceTree = "<group>";
		};
/* End PBXVariantGroup section */

/* Begin XCBuildConfiguration section */
		DE29B9B11A885BF300A2DC2E /* Debug */ = {
			isa = XCBuildConfiguration;
			buildSettings = {
				ALWAYS_SEARCH_USER_PATHS = NO;
				CLANG_CXX_LANGUAGE_STANDARD = "gnu++0x";
				CLANG_CXX_LIBRARY = "libc++";
				CLANG_ENABLE_MODULES = YES;
				CLANG_ENABLE_OBJC_ARC = YES;
				CLANG_WARN_BOOL_CONVERSION = YES;
				CLANG_WARN_CONSTANT_CONVERSION = YES;
				CLANG_WARN_DIRECT_OBJC_ISA_USAGE = YES_ERROR;
				CLANG_WARN_EMPTY_BODY = YES;
				CLANG_WARN_ENUM_CONVERSION = YES;
				CLANG_WARN_INT_CONVERSION = YES;
				CLANG_WARN_OBJC_ROOT_CLASS = YES_ERROR;
				CLANG_WARN_UNREACHABLE_CODE = YES;
				CLANG_WARN__DUPLICATE_METHOD_MATCH = YES;
				"CODE_SIGN_IDENTITY[sdk=iphoneos*]" = "iPhone Developer";
				COPY_PHASE_STRIP = NO;
				ENABLE_STRICT_OBJC_MSGSEND = YES;
				GCC_C_LANGUAGE_STANDARD = gnu99;
				GCC_DYNAMIC_NO_PIC = NO;
				GCC_OPTIMIZATION_LEVEL = 0;
				GCC_PREPROCESSOR_DEFINITIONS = (
					"DEBUG=1",
					"$(inherited)",
				);
				GCC_SYMBOLS_PRIVATE_EXTERN = NO;
				GCC_WARN_64_TO_32_BIT_CONVERSION = YES;
				GCC_WARN_ABOUT_RETURN_TYPE = YES_ERROR;
				GCC_WARN_UNDECLARED_SELECTOR = YES;
				GCC_WARN_UNINITIALIZED_AUTOS = YES_AGGRESSIVE;
				GCC_WARN_UNUSED_FUNCTION = YES;
				GCC_WARN_UNUSED_VARIABLE = YES;
				HEADER_SEARCH_PATHS = (
					"$(inherited)/**",
					"/Applications/Xcode\\ 6.app/Contents/Developer/Toolchains/XcodeDefault.xctoolchain/usr/include",
				);
				IPHONEOS_DEPLOYMENT_TARGET = 8.1;
				MTL_ENABLE_DEBUG_INFO = YES;
				ONLY_ACTIVE_ARCH = YES;
				OTHER_LDFLAGS = "";
				SDKROOT = iphoneos;
			};
			name = Debug;
		};
		DE29B9B21A885BF300A2DC2E /* Release */ = {
			isa = XCBuildConfiguration;
			buildSettings = {
				ALWAYS_SEARCH_USER_PATHS = NO;
				CLANG_CXX_LANGUAGE_STANDARD = "gnu++0x";
				CLANG_CXX_LIBRARY = "libc++";
				CLANG_ENABLE_MODULES = YES;
				CLANG_ENABLE_OBJC_ARC = YES;
				CLANG_WARN_BOOL_CONVERSION = YES;
				CLANG_WARN_CONSTANT_CONVERSION = YES;
				CLANG_WARN_DIRECT_OBJC_ISA_USAGE = YES_ERROR;
				CLANG_WARN_EMPTY_BODY = YES;
				CLANG_WARN_ENUM_CONVERSION = YES;
				CLANG_WARN_INT_CONVERSION = YES;
				CLANG_WARN_OBJC_ROOT_CLASS = YES_ERROR;
				CLANG_WARN_UNREACHABLE_CODE = YES;
				CLANG_WARN__DUPLICATE_METHOD_MATCH = YES;
				CODE_SIGN_IDENTITY = "iPhone Developer";
				"CODE_SIGN_IDENTITY[sdk=iphoneos*]" = "iPhone Developer";
				COPY_PHASE_STRIP = YES;
				ENABLE_NS_ASSERTIONS = NO;
				ENABLE_STRICT_OBJC_MSGSEND = YES;
				GCC_C_LANGUAGE_STANDARD = gnu99;
				GCC_WARN_64_TO_32_BIT_CONVERSION = YES;
				GCC_WARN_ABOUT_RETURN_TYPE = YES_ERROR;
				GCC_WARN_UNDECLARED_SELECTOR = YES;
				GCC_WARN_UNINITIALIZED_AUTOS = YES_AGGRESSIVE;
				GCC_WARN_UNUSED_FUNCTION = YES;
				GCC_WARN_UNUSED_VARIABLE = YES;
				HEADER_SEARCH_PATHS = (
					"$(inherited)/**",
					"/Applications/Xcode\\ 6.app/Contents/Developer/Toolchains/XcodeDefault.xctoolchain/usr/include",
				);
				IPHONEOS_DEPLOYMENT_TARGET = 8.1;
				MTL_ENABLE_DEBUG_INFO = NO;
				OTHER_LDFLAGS = "";
				PROVISIONING_PROFILE = "61d89f1d-e0ea-4b7b-a0c8-aca567d18247";
				SDKROOT = iphoneos;
				VALIDATE_PRODUCT = YES;
			};
			name = Release;
		};
		DE29B9B41A885BF300A2DC2E /* Debug */ = {
			isa = XCBuildConfiguration;
			baseConfigurationReference = 3C94282E497C53FB5DFA1687 /* Pods-asg.debug.xcconfig */;
			buildSettings = {
				ASSETCATALOG_COMPILER_APPICON_NAME = AppIcon;
				CODE_SIGN_IDENTITY = "iPhone Developer";
				"CODE_SIGN_IDENTITY[sdk=iphoneos*]" = "iPhone Developer";
				FRAMEWORK_SEARCH_PATHS = (
					"$(inherited)",
					"$(PROJECT_DIR)",
					/Users/rjpena/Downloads/Parse,
				);
				INFOPLIST_FILE = asg/Info.plist;
				LD_RUNPATH_SEARCH_PATHS = "$(inherited) @executable_path/Frameworks";
				OTHER_LDFLAGS = "$(inherited)";
				PRODUCT_NAME = "$(TARGET_NAME)";
				PROVISIONING_PROFILE = "";
				USER_HEADER_SEARCH_PATHS = "";
			};
			name = Debug;
		};
		DE29B9B51A885BF300A2DC2E /* Release */ = {
			isa = XCBuildConfiguration;
			baseConfigurationReference = 53541AA6ABE644E8CF030119 /* Pods-asg.release.xcconfig */;
			buildSettings = {
				ASSETCATALOG_COMPILER_APPICON_NAME = AppIcon;
				CODE_SIGN_IDENTITY = "iPhone Developer";
				"CODE_SIGN_IDENTITY[sdk=iphoneos*]" = "iPhone Developer";
				FRAMEWORK_SEARCH_PATHS = (
					"$(inherited)",
					"$(PROJECT_DIR)",
					/Users/rjpena/Downloads/Parse,
				);
				INFOPLIST_FILE = asg/Info.plist;
				LD_RUNPATH_SEARCH_PATHS = "$(inherited) @executable_path/Frameworks";
				OTHER_LDFLAGS = "$(inherited)";
				PRODUCT_NAME = "$(TARGET_NAME)";
				PROVISIONING_PROFILE = "";
				USER_HEADER_SEARCH_PATHS = "";
			};
			name = Release;
		};
/* End XCBuildConfiguration section */

/* Begin XCConfigurationList section */
		DE29B9881A885BF200A2DC2E /* Build configuration list for PBXProject "asg" */ = {
			isa = XCConfigurationList;
			buildConfigurations = (
				DE29B9B11A885BF300A2DC2E /* Debug */,
				DE29B9B21A885BF300A2DC2E /* Release */,
			);
			defaultConfigurationIsVisible = 0;
			defaultConfigurationName = Release;
		};
		DE29B9B31A885BF300A2DC2E /* Build configuration list for PBXNativeTarget "asg" */ = {
			isa = XCConfigurationList;
			buildConfigurations = (
				DE29B9B41A885BF300A2DC2E /* Debug */,
				DE29B9B51A885BF300A2DC2E /* Release */,
			);
			defaultConfigurationIsVisible = 0;
			defaultConfigurationName = Release;
		};
/* End XCConfigurationList section */
	};
	rootObject = DE29B9851A885BF200A2DC2E /* Project object */;
}
